Microsoft Visual Studio Solution File, Format Version 12.00
# Visual Studio 11
Project("{8BC9CEB8-8B4A-11D0-8D11-00A0C91BC942}") = "ALL_BUILD", "ALL_BUILD.vcxproj", "{D63B45E4-15AE-4C23-BACE-DE7C2916FCB8}"
	ProjectSection(ProjectDependencies) = postProject
		{ADCC8118-20E9-4602-82AD-42715CA6FC4F} = {ADCC8118-20E9-4602-82AD-42715CA6FC4F}
		{D1885138-A27C-4ADB-8161-646BFA4533E0} = {D1885138-A27C-4ADB-8161-646BFA4533E0}
		{0BEA7840-65CD-4CC6-BB7F-EF2EE97D04ED} = {0BEA7840-65CD-4CC6-BB7F-EF2EE97D04ED}
		{91C68547-6E18-4E39-9676-F3AD3931FF22} = {91C68547-6E18-4E39-9676-F3AD3931FF22}
	EndProjectSection
EndProject
Project("{8BC9CEB8-8B4A-11D0-8D11-00A0C91BC942}") = "ASMMath", "src\ASMMath\ASMMath.vcxproj", "{ADCC8118-20E9-4602-82AD-42715CA6FC4F}"
	ProjectSection(ProjectDependencies) = postProject
		{91C68547-6E18-4E39-9676-F3AD3931FF22} = {91C68547-6E18-4E39-9676-F3AD3931FF22}
	EndProjectSection
EndProject
Project("{8BC9CEB8-8B4A-11D0-8D11-00A0C91BC942}") = "CPPMath", "src\CPPMath\CPPMath.vcxproj", "{D1885138-A27C-4ADB-8161-646BFA4533E0}"
	ProjectSection(ProjectDependencies) = postProject
		{91C68547-6E18-4E39-9676-F3AD3931FF22} = {91C68547-6E18-4E39-9676-F3AD3931FF22}
	EndProjectSection
EndProject
Project("{8BC9CEB8-8B4A-11D0-8D11-00A0C91BC942}") = "MathTool", "src\MathTool\MathTool.vcxproj", "{0BEA7840-65CD-4CC6-BB7F-EF2EE97D04ED}"
	ProjectSection(ProjectDependencies) = postProject
		{ADCC8118-20E9-4602-82AD-42715CA6FC4F} = {ADCC8118-20E9-4602-82AD-42715CA6FC4F}
		{D1885138-A27C-4ADB-8161-646BFA4533E0} = {D1885138-A27C-4ADB-8161-646BFA4533E0}
		{91C68547-6E18-4E39-9676-F3AD3931FF22} = {91C68547-6E18-4E39-9676-F3AD3931FF22}
	EndProjectSection
EndProject
Project("{8BC9CEB8-8B4A-11D0-8D11-00A0C91BC942}") = "ZERO_CHECK", "ZERO_CHECK.vcxproj", "{91C68547-6E18-4E39-9676-F3AD3931FF22}"
	ProjectSection(ProjectDependencies) = postProject
	EndProjectSection
EndProject
Global
	GlobalSection(SolutionConfigurationPlatforms) = preSolution
		Debug|Win32 = Debug|Win32
		Release|Win32 = Release|Win32
		MinSizeRel|Win32 = MinSizeRel|Win32
		RelWithDebInfo|Win32 = RelWithDebInfo|Win32
	EndGlobalSection
	GlobalSection(ProjectConfigurationPlatforms) = postSolution
		{D63B45E4-15AE-4C23-BACE-DE7C2916FCB8}.Debug|Win32.ActiveCfg = Debug|Win32
		{D63B45E4-15AE-4C23-BACE-DE7C2916FCB8}.Release|Win32.ActiveCfg = Release|Win32
		{D63B45E4-15AE-4C23-BACE-DE7C2916FCB8}.MinSizeRel|Win32.ActiveCfg = MinSizeRel|Win32
		{D63B45E4-15AE-4C23-BACE-DE7C2916FCB8}.RelWithDebInfo|Win32.ActiveCfg = RelWithDebInfo|Win32
		{ADCC8118-20E9-4602-82AD-42715CA6FC4F}.Debug|Win32.ActiveCfg = Debug|Win32
		{ADCC8118-20E9-4602-82AD-42715CA6FC4F}.Debug|Win32.Build.0 = Debug|Win32
		{ADCC8118-20E9-4602-82AD-42715CA6FC4F}.Release|Win32.ActiveCfg = Release|Win32
		{ADCC8118-20E9-4602-82AD-42715CA6FC4F}.Release|Win32.Build.0 = Release|Win32
		{ADCC8118-20E9-4602-82AD-42715CA6FC4F}.MinSizeRel|Win32.ActiveCfg = MinSizeRel|Win32
		{ADCC8118-20E9-4602-82AD-42715CA6FC4F}.MinSizeRel|Win32.Build.0 = MinSizeRel|Win32
		{ADCC8118-20E9-4602-82AD-42715CA6FC4F}.RelWithDebInfo|Win32.ActiveCfg = RelWithDebInfo|Win32
		{ADCC8118-20E9-4602-82AD-42715CA6FC4F}.RelWithDebInfo|Win32.Build.0 = RelWithDebInfo|Win32
		{D1885138-A27C-4ADB-8161-646BFA4533E0}.Debug|Win32.ActiveCfg = Debug|Win32
		{D1885138-A27C-4ADB-8161-646BFA4533E0}.Debug|Win32.Build.0 = Debug|Win32
		{D1885138-A27C-4ADB-8161-646BFA4533E0}.Release|Win32.ActiveCfg = Release|Win32
		{D1885138-A27C-4ADB-8161-646BFA4533E0}.Release|Win32.Build.0 = Release|Win32
		{D1885138-A27C-4ADB-8161-646BFA4533E0}.MinSizeRel|Win32.ActiveCfg = MinSizeRel|Win32
		{D1885138-A27C-4ADB-8161-646BFA4533E0}.MinSizeRel|Win32.Build.0 = MinSizeRel|Win32
		{D1885138-A27C-4ADB-8161-646BFA4533E0}.RelWithDebInfo|Win32.ActiveCfg = RelWithDebInfo|Win32
		{D1885138-A27C-4ADB-8161-646BFA4533E0}.RelWithDebInfo|Win32.Build.0 = RelWithDebInfo|Win32
		{0BEA7840-65CD-4CC6-BB7F-EF2EE97D04ED}.Debug|Win32.ActiveCfg = Debug|Win32
		{0BEA7840-65CD-4CC6-BB7F-EF2EE97D04ED}.Debug|Win32.Build.0 = Debug|Win32
		{0BEA7840-65CD-4CC6-BB7F-EF2EE97D04ED}.Release|Win32.ActiveCfg = Release|Win32
		{0BEA7840-65CD-4CC6-BB7F-EF2EE97D04ED}.Release|Win32.Build.0 = Release|Win32
		{0BEA7840-65CD-4CC6-BB7F-EF2EE97D04ED}.MinSizeRel|Win32.ActiveCfg = MinSizeRel|Win32
		{0BEA7840-65CD-4CC6-BB7F-EF2EE97D04ED}.MinSizeRel|Win32.Build.0 = MinSizeRel|Win32
		{0BEA7840-65CD-4CC6-BB7F-EF2EE97D04ED}.RelWithDebInfo|Win32.ActiveCfg = RelWithDebInfo|Win32
		{0BEA7840-65CD-4CC6-BB7F-EF2EE97D04ED}.RelWithDebInfo|Win32.Build.0 = RelWithDebInfo|Win32
		{91C68547-6E18-4E39-9676-F3AD3931FF22}.Debug|Win32.ActiveCfg = Debug|Win32
		{91C68547-6E18-4E39-9676-F3AD3931FF22}.Debug|Win32.Build.0 = Debug|Win32
		{91C68547-6E18-4E39-9676-F3AD3931FF22}.Release|Win32.ActiveCfg = Release|Win32
		{91C68547-6E18-4E39-9676-F3AD3931FF22}.Release|Win32.Build.0 = Release|Win32
		{91C68547-6E18-4E39-9676-F3AD3931FF22}.MinSizeRel|Win32.ActiveCfg = MinSizeRel|Win32
		{91C68547-6E18-4E39-9676-F3AD3931FF22}.MinSizeRel|Win32.Build.0 = MinSizeRel|Win32
		{91C68547-6E18-4E39-9676-F3AD3931FF22}.RelWithDebInfo|Win32.ActiveCfg = RelWithDebInfo|Win32
		{91C68547-6E18-4E39-9676-F3AD3931FF22}.RelWithDebInfo|Win32.Build.0 = RelWithDebInfo|Win32
	EndGlobalSection
	GlobalSection(ExtensibilityGlobals) = postSolution
	EndGlobalSection
	GlobalSection(ExtensibilityAddIns) = postSolution
	EndGlobalSection
EndGlobal
